
Microsoft Visual Studio Solution File, Format Version 12.00
# Visual Studio 15
VisualStudioVersion = 15.0.27130.2010
MinimumVisualStudioVersion = 10.0.40219.1
Project("{FAE04EC0-301F-11D3-BF4B-00C04F79EFBC}") = "ChinookConsole", "ChinookConsole\ChinookConsole.csproj", "{2EBBF4AB-7441-46FB-850E-A5CD8F00670A}"
EndProject
Global
	GlobalSection(SolutionConfigurationPlatforms) = preSolution
		Debug|Any CPU = Debug|Any CPU
		Release|Any CPU = Release|Any CPU
	EndGlobalSection
	GlobalSection(ProjectConfigurationPlatforms) = postSolution
		{2EBBF4AB-7441-46FB-850E-A5CD8F00670A}.Debug|Any CPU.ActiveCfg = Debug|Any CPU
		{2EBBF4AB-7441-46FB-850E-A5CD8F00670A}.Debug|Any CPU.Build.0 = Debug|Any CPU
		{2EBBF4AB-7441-46FB-850E-A5CD8F00670A}.Release|Any CPU.ActiveCfg = Release|Any CPU
		{2EBBF4AB-7441-46FB-850E-A5CD8F00670A}.Release|Any CPU.Build.0 = Release|Any CPU
	EndGlobalSection
	GlobalSection(SolutionProperties) = preSolution
		HideSolutionNode = FALSE
	EndGlobalSection
	GlobalSection(ExtensibilityGlobals) = postSolution
		SolutionGuid = {EB72FF67-2EFD-468E-8EBD-EE843E2FC908}
	EndGlobalSection
EndGlobal
